{
  "name": "GEO",
  "lockfileVersion": 3,
  "requires": true,
  "packages": {
    "": {
      "dependencies": {
        "robots-parser": "^3.0.1"
      }
    },
    "node_modules/robots-parser": {
      "version": "3.0.1",
      "resolved": "https://registry.npmjs.org/robots-parser/-/robots-parser-3.0.1.tgz",
      "integrity": "sha512-s+pyvQeIKIZ0dx5iJiQk1tPLJAWln39+MI5jtM8wnyws+G5azk+dMnMX0qfbqNetKKNgcWWOdi0sfm+FbQbgdQ==",
      "license": "MIT",
      "engines": {
        "node": ">=10.0.0"
      }
    }
  }
}
